
Microsoft Visual Studio Solution File, Format Version 12.00
# Visual Studio Version 17
VisualStudioVersion = 17.9.34622.214
MinimumVisualStudioVersion = 10.0.40219.1
Project("{FAE04EC0-301F-11D3-BF4B-00C04F79EFBC}") = "dataodev3", "dataodev3\dataodev3.csproj", "{87BE1786-87CD-4D7A-843A-5461C6D0762C}"
EndProject
Global
	GlobalSection(SolutionConfigurationPlatforms) = preSolution
		Debug|Any CPU = Debug|Any CPU
		Release|Any CPU = Release|Any CPU
	EndGlobalSection
	GlobalSection(ProjectConfigurationPlatforms) = postSolution
		{87BE1786-87CD-4D7A-843A-5461C6D0762C}.Debug|Any CPU.ActiveCfg = Debug|Any CPU
		{87BE1786-87CD-4D7A-843A-5461C6D0762C}.Debug|Any CPU.Build.0 = Debug|Any CPU
		{87BE1786-87CD-4D7A-843A-5461C6D0762C}.Release|Any CPU.ActiveCfg = Release|Any CPU
		{87BE1786-87CD-4D7A-843A-5461C6D0762C}.Release|Any CPU.Build.0 = Release|Any CPU
	EndGlobalSection
	GlobalSection(SolutionProperties) = preSolution
		HideSolutionNode = FALSE
	EndGlobalSection
	GlobalSection(ExtensibilityGlobals) = postSolution
		SolutionGuid = {87A2000D-EB60-4507-ABF9-623BF6C78A0B}
	EndGlobalSection
EndGlobal
